// !$*UTF8*$!
{
	archiveVersion = 1;
	classes = {
	};
	objectVersion = 56;
	objects = {

/* Begin PBXBuildFile section */
		73C1489B2A2ED84C000A2CC6 /* cash_app_stocksApp.swift in Sources */ = {isa = PBXBuildFile; fileRef = 73C1489A2A2ED84C000A2CC6 /* cash_app_stocksApp.swift */; };
		73C1489D2A2ED84C000A2CC6 /* StockList.swift in Sources */ = {isa = PBXBuildFile; fileRef = 73C1489C2A2ED84C000A2CC6 /* StockList.swift */; };
		73C1489F2A2ED84C000A2CC6 /* Assets.xcassets in Resources */ = {isa = PBXBuildFile; fileRef = 73C1489E2A2ED84C000A2CC6 /* Assets.xcassets */; };
		73C148A22A2ED84C000A2CC6 /* Preview Assets.xcassets in Resources */ = {isa = PBXBuildFile; fileRef = 73C148A12A2ED84C000A2CC6 /* Preview Assets.xcassets */; };
		73C148AC2A2ED84D000A2CC6 /* cash_app_stocksTests.swift in Sources */ = {isa = PBXBuildFile; fileRef = 73C148AB2A2ED84D000A2CC6 /* cash_app_stocksTests.swift */; };
		73C148B62A2ED84D000A2CC6 /* cash_app_stocksUITests.swift in Sources */ = {isa = PBXBuildFile; fileRef = 73C148B52A2ED84D000A2CC6 /* cash_app_stocksUITests.swift */; };
		73C148B82A2ED84D000A2CC6 /* cash_app_stocksUITestsLaunchTests.swift in Sources */ = {isa = PBXBuildFile; fileRef = 73C148B72A2ED84D000A2CC6 /* cash_app_stocksUITestsLaunchTests.swift */; };
		73C148C52A2F918E000A2CC6 /* Stock.swift in Sources */ = {isa = PBXBuildFile; fileRef = 73C148C42A2F918E000A2CC6 /* Stock.swift */; };
		73C148C92A2F925F000A2CC6 /* StockRow.swift in Sources */ = {isa = PBXBuildFile; fileRef = 73C148C82A2F925F000A2CC6 /* StockRow.swift */; };
		73C148CC2A2FA4B6000A2CC6 /* StockRepository.swift in Sources */ = {isa = PBXBuildFile; fileRef = 73C148CB2A2FA4B6000A2CC6 /* StockRepository.swift */; };
		73C148CE2A2FACAA000A2CC6 /* StockListViewModel.swift in Sources */ = {isa = PBXBuildFile; fileRef = 73C148CD2A2FACAA000A2CC6 /* StockListViewModel.swift */; };
/* End PBXBuildFile section */

/* Begin PBXContainerItemProxy section */
		73C148A82A2ED84D000A2CC6 /* PBXContainerItemProxy */ = {
			isa = PBXContainerItemProxy;
			containerPortal = 73C1488F2A2ED84C000A2CC6 /* Project object */;
			proxyType = 1;
			remoteGlobalIDString = 73C148962A2ED84C000A2CC6;
			remoteInfo = "cash-app-stocks";
		};
		73C148B22A2ED84D000A2CC6 /* PBXContainerItemProxy */ = {
			isa = PBXContainerItemProxy;
			containerPortal = 73C1488F2A2ED84C000A2CC6 /* Project object */;
			proxyType = 1;
			remoteGlobalIDString = 73C148962A2ED84C000A2CC6;
			remoteInfo = "cash-app-stocks";
		};
/* End PBXContainerItemProxy section */

/* Begin PBXFileReference section */
		73C148972A2ED84C000A2CC6 /* cash-app-stocks.app */ = {isa = PBXFileReference; explicitFileType = wrapper.application; includeInIndex = 0; path = "cash-app-stocks.app"; sourceTree = BUILT_PRODUCTS_DIR; };
		73C1489A2A2ED84C000A2CC6 /* cash_app_stocksApp.swift */ = {isa = PBXFileReference; lastKnownFileType = sourcecode.swift; path = cash_app_stocksApp.swift; sourceTree = "<group>"; };
		73C1489C2A2ED84C000A2CC6 /* StockList.swift */ = {isa = PBXFileReference; lastKnownFileType = sourcecode.swift; path = StockList.swift; sourceTree = "<group>"; };
		73C1489E2A2ED84C000A2CC6 /* Assets.xcassets */ = {isa = PBXFileReference; lastKnownFileType = folder.assetcatalog; path = Assets.xcassets; sourceTree = "<group>"; };
		73C148A12A2ED84C000A2CC6 /* Preview Assets.xcassets */ = {isa = PBXFileReference; lastKnownFileType = folder.assetcatalog; path = "Preview Assets.xcassets"; sourceTree = "<group>"; };
		73C148A72A2ED84D000A2CC6 /* cash-app-stocksTests.xctest */ = {isa = PBXFileReference; explicitFileType = wrapper.cfbundle; includeInIndex = 0; path = "cash-app-stocksTests.xctest"; sourceTree = BUILT_PRODUCTS_DIR; };
		73C148AB2A2ED84D000A2CC6 /* cash_app_stocksTests.swift */ = {isa = PBXFileReference; lastKnownFileType = sourcecode.swift; path = cash_app_stocksTests.swift; sourceTree = "<group>"; };
		73C148B12A2ED84D000A2CC6 /* cash-app-stocksUITests.xctest */ = {isa = PBXFileReference; explicitFileType = wrapper.cfbundle; includeInIndex = 0; path = "cash-app-stocksUITests.xctest"; sourceTree = BUILT_PRODUCTS_DIR; };
		73C148B52A2ED84D000A2CC6 /* cash_app_stocksUITests.swift */ = {isa = PBXFileReference; lastKnownFileType = sourcecode.swift; path = cash_app_stocksUITests.swift; sourceTree = "<group>"; };
		73C148B72A2ED84D000A2CC6 /* cash_app_stocksUITestsLaunchTests.swift */ = {isa = PBXFileReference; lastKnownFileType = sourcecode.swift; path = cash_app_stocksUITestsLaunchTests.swift; sourceTree = "<group>"; };
		73C148C42A2F918E000A2CC6 /* Stock.swift */ = {isa = PBXFileReference; lastKnownFileType = sourcecode.swift; path = Stock.swift; sourceTree = "<group>"; };
		73C148C82A2F925F000A2CC6 /* StockRow.swift */ = {isa = PBXFileReference; lastKnownFileType = sourcecode.swift; path = StockRow.swift; sourceTree = "<group>"; };
		73C148CB2A2FA4B6000A2CC6 /* StockRepository.swift */ = {isa = PBXFileReference; lastKnownFileType = sourcecode.swift; path = StockRepository.swift; sourceTree = "<group>"; };
		73C148CD2A2FACAA000A2CC6 /* StockListViewModel.swift */ = {isa = PBXFileReference; lastKnownFileType = sourcecode.swift; path = StockListViewModel.swift; sourceTree = "<group>"; };
/* End PBXFileReference section */

/* Begin PBXFrameworksBuildPhase section */
		73C148942A2ED84C000A2CC6 /* Frameworks */ = {
			isa = PBXFrameworksBuildPhase;
			buildActionMask = 2147483647;
			files = (
			);
			runOnlyForDeploymentPostprocessing = 0;
		};
		73C148A42A2ED84D000A2CC6 /* Frameworks */ = {
			isa = PBXFrameworksBuildPhase;
			buildActionMask = 2147483647;
			files = (
			);
			runOnlyForDeploymentPostprocessing = 0;
		};
		73C148AE2A2ED84D000A2CC6 /* Frameworks */ = {
			isa = PBXFrameworksBuildPhase;
			buildActionMask = 2147483647;
			files = (
			);
			runOnlyForDeploymentPostprocessing = 0;
		};
/* End PBXFrameworksBuildPhase section */

/* Begin PBXGroup section */
		73C1488E2A2ED84C000A2CC6 = {
			isa = PBXGroup;
			children = (
				73C148992A2ED84C000A2CC6 /* cash-app-stocks */,
				73C148AA2A2ED84D000A2CC6 /* cash-app-stocksTests */,
				73C148B42A2ED84D000A2CC6 /* cash-app-stocksUITests */,
				73C148982A2ED84C000A2CC6 /* Products */,
			);
			sourceTree = "<group>";
		};
		73C148982A2ED84C000A2CC6 /* Products */ = {
			isa = PBXGroup;
			children = (
				73C148972A2ED84C000A2CC6 /* cash-app-stocks.app */,
				73C148A72A2ED84D000A2CC6 /* cash-app-stocksTests.xctest */,
				73C148B12A2ED84D000A2CC6 /* cash-app-stocksUITests.xctest */,
			);
			name = Products;
			sourceTree = "<group>";
		};
		73C148992A2ED84C000A2CC6 /* cash-app-stocks */ = {
			isa = PBXGroup;
			children = (
				73C1489A2A2ED84C000A2CC6 /* cash_app_stocksApp.swift */,
				73C148C72A2F9229000A2CC6 /* Model */,
				73C148D32A2FB4D0000A2CC6 /* Network */,
				73C148CA2A2F9B07000A2CC6 /* Repositories */,
				73C148C62A2F9221000A2CC6 /* UI */,
				73C1489E2A2ED84C000A2CC6 /* Assets.xcassets */,
				73C148A02A2ED84C000A2CC6 /* Preview Content */,
			);
			path = "cash-app-stocks";
			sourceTree = "<group>";
		};
		73C148A02A2ED84C000A2CC6 /* Preview Content */ = {
			isa = PBXGroup;
			children = (
				73C148A12A2ED84C000A2CC6 /* Preview Assets.xcassets */,
			);
			path = "Preview Content";
			sourceTree = "<group>";
		};
		73C148AA2A2ED84D000A2CC6 /* cash-app-stocksTests */ = {
			isa = PBXGroup;
			children = (
				73C148AB2A2ED84D000A2CC6 /* cash_app_stocksTests.swift */,
			);
			path = "cash-app-stocksTests";
			sourceTree = "<group>";
		};
		73C148B42A2ED84D000A2CC6 /* cash-app-stocksUITests */ = {
			isa = PBXGroup;
			children = (
				73C148B52A2ED84D000A2CC6 /* cash_app_stocksUITests.swift */,
				73C148B72A2ED84D000A2CC6 /* cash_app_stocksUITestsLaunchTests.swift */,
			);
			path = "cash-app-stocksUITests";
			sourceTree = "<group>";
		};
		73C148C62A2F9221000A2CC6 /* UI */ = {
			isa = PBXGroup;
			children = (
				73C1489C2A2ED84C000A2CC6 /* StockList.swift */,
				73C148C82A2F925F000A2CC6 /* StockRow.swift */,
				73C148CD2A2FACAA000A2CC6 /* StockListViewModel.swift */,
			);
			path = UI;
			sourceTree = "<group>";
		};
		73C148C72A2F9229000A2CC6 /* Model */ = {
			isa = PBXGroup;
			children = (
				73C148C42A2F918E000A2CC6 /* Stock.swift */,
			);
			path = Model;
			sourceTree = "<group>";
		};
		73C148CA2A2F9B07000A2CC6 /* Repositories */ = {
			isa = PBXGroup;
			children = (
				73C148CB2A2FA4B6000A2CC6 /* StockRepository.swift */,
			);
			path = Repositories;
			sourceTree = "<group>";
		};
		73C148D32A2FB4D0000A2CC6 /* Network */ = {
			isa = PBXGroup;
			children = (
			);
			path = Network;
			sourceTree = "<group>";
		};
/* End PBXGroup section */

/* Begin PBXNativeTarget section */
		73C148962A2ED84C000A2CC6 /* cash-app-stocks */ = {
			isa = PBXNativeTarget;
			buildConfigurationList = 73C148BB2A2ED84D000A2CC6 /* Build configuration list for PBXNativeTarget "cash-app-stocks" */;
			buildPhases = (
				73C148932A2ED84C000A2CC6 /* Sources */,
				73C148942A2ED84C000A2CC6 /* Frameworks */,
				73C148952A2ED84C000A2CC6 /* Resources */,
			);
			buildRules = (
			);
			dependencies = (
			);
			name = "cash-app-stocks";
			productName = "cash-app-stocks";
			productReference = 73C148972A2ED84C000A2CC6 /* cash-app-stocks.app */;
			productType = "com.apple.product-type.application";
		};
		73C148A62A2ED84D000A2CC6 /* cash-app-stocksTests */ = {
			isa = PBXNativeTarget;
			buildConfigurationList = 73C148BE2A2ED84D000A2CC6 /* Build configuration list for PBXNativeTarget "cash-app-stocksTests" */;
			buildPhases = (
				73C148A32A2ED84D000A2CC6 /* Sources */,
				73C148A42A2ED84D000A2CC6 /* Frameworks */,
				73C148A52A2ED84D000A2CC6 /* Resources */,
			);
			buildRules = (
			);
			dependencies = (
				73C148A92A2ED84D000A2CC6 /* PBXTargetDependency */,
			);
			name = "cash-app-stocksTests";
			productName = "cash-app-stocksTests";
			productReference = 73C148A72A2ED84D000A2CC6 /* cash-app-stocksTests.xctest */;
			productType = "com.apple.product-type.bundle.unit-test";
		};
		73C148B02A2ED84D000A2CC6 /* cash-app-stocksUITests */ = {
			isa = PBXNativeTarget;
			buildConfigurationList = 73C148C12A2ED84D000A2CC6 /* Build configuration list for PBXNativeTarget "cash-app-stocksUITests" */;
			buildPhases = (
				73C148AD2A2ED84D000A2CC6 /* Sources */,
				73C148AE2A2ED84D000A2CC6 /* Frameworks */,
				73C148AF2A2ED84D000A2CC6 /* Resources */,
			);
			buildRules = (
			);
			dependencies = (
				73C148B32A2ED84D000A2CC6 /* PBXTargetDependency */,
			);
			name = "cash-app-stocksUITests";
			productName = "cash-app-stocksUITests";
			productReference = 73C148B12A2ED84D000A2CC6 /* cash-app-stocksUITests.xctest */;
			productType = "com.apple.product-type.bundle.ui-testing";
		};
/* End PBXNativeTarget section */

/* Begin PBXProject section */
		73C1488F2A2ED84C000A2CC6 /* Project object */ = {
			isa = PBXProject;
			attributes = {
				BuildIndependentTargetsInParallel = 1;
				LastSwiftUpdateCheck = 1430;
				LastUpgradeCheck = 1430;
				TargetAttributes = {
					73C148962A2ED84C000A2CC6 = {
						CreatedOnToolsVersion = 14.3.1;
					};
					73C148A62A2ED84D000A2CC6 = {
						CreatedOnToolsVersion = 14.3.1;
						TestTargetID = 73C148962A2ED84C000A2CC6;
					};
					73C148B02A2ED84D000A2CC6 = {
						CreatedOnToolsVersion = 14.3.1;
						TestTargetID = 73C148962A2ED84C000A2CC6;
					};
				};
			};
			buildConfigurationList = 73C148922A2ED84C000A2CC6 /* Build configuration list for PBXProject "cash-app-stocks" */;
			compatibilityVersion = "Xcode 14.0";
			developmentRegion = en;
			hasScannedForEncodings = 0;
			knownRegions = (
				en,
				Base,
			);
			mainGroup = 73C1488E2A2ED84C000A2CC6;
			productRefGroup = 73C148982A2ED84C000A2CC6 /* Products */;
			projectDirPath = "";
			projectRoot = "";
			targets = (
				73C148962A2ED84C000A2CC6 /* cash-app-stocks */,
				73C148A62A2ED84D000A2CC6 /* cash-app-stocksTests */,
				73C148B02A2ED84D000A2CC6 /* cash-app-stocksUITests */,
			);
		};
/* End PBXProject section */

/* Begin PBXResourcesBuildPhase section */
		73C148952A2ED84C000A2CC6 /* Resources */ = {
			isa = PBXResourcesBuildPhase;
			buildActionMask = 2147483647;
			files = (
				73C148A22A2ED84C000A2CC6 /* Preview Assets.xcassets in Resources */,
				73C1489F2A2ED84C000A2CC6 /* Assets.xcassets in Resources */,
			);
			runOnlyForDeploymentPostprocessing = 0;
		};
		73C148A52A2ED84D000A2CC6 /* Resources */ = {
			isa = PBXResourcesBuildPhase;
			buildActionMask = 2147483647;
			files = (
			);
			runOnlyForDeploymentPostprocessing = 0;
		};
		73C148AF2A2ED84D000A2CC6 /* Resources */ = {
			isa = PBXResourcesBuildPhase;
			buildActionMask = 2147483647;
			files = (
			);
			runOnlyForDeploymentPostprocessing = 0;
		};
/* End PBXResourcesBuildPhase section */

/* Begin PBXSourcesBuildPhase section */
		73C148932A2ED84C000A2CC6 /* Sources */ = {
			isa = PBXSourcesBuildPhase;
			buildActionMask = 2147483647;
			files = (
				73C1489D2A2ED84C000A2CC6 /* StockList.swift in Sources */,
				73C148CE2A2FACAA000A2CC6 /* StockListViewModel.swift in Sources */,
				73C148CC2A2FA4B6000A2CC6 /* StockRepository.swift in Sources */,
				73C148C92A2F925F000A2CC6 /* StockRow.swift in Sources */,
				73C1489B2A2ED84C000A2CC6 /* cash_app_stocksApp.swift in Sources */,
				73C148C52A2F918E000A2CC6 /* Stock.swift in Sources */,
			);
			runOnlyForDeploymentPostprocessing = 0;
		};
		73C148A32A2ED84D000A2CC6 /* Sources */ = {
			isa = PBXSourcesBuildPhase;
			buildActionMask = 2147483647;
			files = (
				73C148AC2A2ED84D000A2CC6 /* cash_app_stocksTests.swift in Sources */,
			);
			runOnlyForDeploymentPostprocessing = 0;
		};
		73C148AD2A2ED84D000A2CC6 /* Sources */ = {
			isa = PBXSourcesBuildPhase;
			buildActionMask = 2147483647;
			files = (
				73C148B82A2ED84D000A2CC6 /* cash_app_stocksUITestsLaunchTests.swift in Sources */,
				73C148B62A2ED84D000A2CC6 /* cash_app_stocksUITests.swift in Sources */,
			);
			runOnlyForDeploymentPostprocessing = 0;
		};
/* End PBXSourcesBuildPhase section */

/* Begin PBXTargetDependency section */
		73C148A92A2ED84D000A2CC6 /* PBXTargetDependency */ = {
			isa = PBXTargetDependency;
			target = 73C148962A2ED84C000A2CC6 /* cash-app-stocks */;
			targetProxy = 73C148A82A2ED84D000A2CC6 /* PBXContainerItemProxy */;
		};
		73C148B32A2ED84D000A2CC6 /* PBXTargetDependency */ = {
			isa = PBXTargetDependency;
			target = 73C148962A2ED84C000A2CC6 /* cash-app-stocks */;
			targetProxy = 73C148B22A2ED84D000A2CC6 /* PBXContainerItemProxy */;
		};
/* End PBXTargetDependency section */

/* Begin XCBuildConfiguration section */
		73C148B92A2ED84D000A2CC6 /* Debug */ = {
			isa = XCBuildConfiguration;
			buildSettings = {
				ALWAYS_SEARCH_USER_PATHS = NO;
				CLANG_ANALYZER_NONNULL = YES;
				CLANG_ANALYZER_NUMBER_OBJECT_CONVERSION = YES_AGGRESSIVE;
				CLANG_CXX_LANGUAGE_STANDARD = "gnu++20";
				CLANG_ENABLE_MODULES = YES;
				CLANG_ENABLE_OBJC_ARC = YES;
				CLANG_ENABLE_OBJC_WEAK = YES;
				CLANG_WARN_BLOCK_CAPTURE_AUTORELEASING = YES;
				CLANG_WARN_BOOL_CONVERSION = YES;
				CLANG_WARN_COMMA = YES;
				CLANG_WARN_CONSTANT_CONVERSION = YES;
				CLANG_WARN_DEPRECATED_OBJC_IMPLEMENTATIONS = YES;
				CLANG_WARN_DIRECT_OBJC_ISA_USAGE = YES_ERROR;
				CLANG_WARN_DOCUMENTATION_COMMENTS = YES;
				CLANG_WARN_EMPTY_BODY = YES;
				CLANG_WARN_ENUM_CONVERSION = YES;
				CLANG_WARN_INFINITE_RECURSION = YES;
				CLANG_WARN_INT_CONVERSION = YES;
				CLANG_WARN_NON_LITERAL_NULL_CONVERSION = YES;
				CLANG_WARN_OBJC_IMPLICIT_RETAIN_SELF = YES;
				CLANG_WARN_OBJC_LITERAL_CONVERSION = YES;
				CLANG_WARN_OBJC_ROOT_CLASS = YES_ERROR;
				CLANG_WARN_QUOTED_INCLUDE_IN_FRAMEWORK_HEADER = YES;
				CLANG_WARN_RANGE_LOOP_ANALYSIS = YES;
				CLANG_WARN_STRICT_PROTOTYPES = YES;
				CLANG_WARN_SUSPICIOUS_MOVE = YES;
				CLANG_WARN_UNGUARDED_AVAILABILITY = YES_AGGRESSIVE;
				CLANG_WARN_UNREACHABLE_CODE = YES;
				CLANG_WARN__DUPLICATE_METHOD_MATCH = YES;
				COPY_PHASE_STRIP = NO;
				DEBUG_INFORMATION_FORMAT = dwarf;
				ENABLE_STRICT_OBJC_MSGSEND = YES;
				ENABLE_TESTABILITY = YES;
				GCC_C_LANGUAGE_STANDARD = gnu11;
				GCC_DYNAMIC_NO_PIC = NO;
				GCC_NO_COMMON_BLOCKS = YES;
				GCC_OPTIMIZATION_LEVEL = 0;
				GCC_PREPROCESSOR_DEFINITIONS = (
					"DEBUG=1",
					"$(inherited)",
				);
				GCC_WARN_64_TO_32_BIT_CONVERSION = YES;
				GCC_WARN_ABOUT_RETURN_TYPE = YES_ERROR;
				GCC_WARN_UNDECLARED_SELECTOR = YES;
				GCC_WARN_UNINITIALIZED_AUTOS = YES_AGGRESSIVE;
				GCC_WARN_UNUSED_FUNCTION = YES;
				GCC_WARN_UNUSED_VARIABLE = YES;
				IPHONEOS_DEPLOYMENT_TARGET = 16.4;
				MTL_ENABLE_DEBUG_INFO = INCLUDE_SOURCE;
				MTL_FAST_MATH = YES;
				ONLY_ACTIVE_ARCH = YES;
				SDKROOT = iphoneos;
				SWIFT_ACTIVE_COMPILATION_CONDITIONS = DEBUG;
				SWIFT_OPTIMIZATION_LEVEL = "-Onone";
			};
			name = Debug;
		};
		73C148BA2A2ED84D000A2CC6 /* Release */ = {
			isa = XCBuildConfiguration;
			buildSettings = {
				ALWAYS_SEARCH_USER_PATHS = NO;
				CLANG_ANALYZER_NONNULL = YES;
				CLANG_ANALYZER_NUMBER_OBJECT_CONVERSION = YES_AGGRESSIVE;
				CLANG_CXX_LANGUAGE_STANDARD = "gnu++20";
				CLANG_ENABLE_MODULES = YES;
				CLANG_ENABLE_OBJC_ARC = YES;
				CLANG_ENABLE_OBJC_WEAK = YES;
				CLANG_WARN_BLOCK_CAPTURE_AUTORELEASING = YES;
				CLANG_WARN_BOOL_CONVERSION = YES;
				CLANG_WARN_COMMA = YES;
				CLANG_WARN_CONSTANT_CONVERSION = YES;
				CLANG_WARN_DEPRECATED_OBJC_IMPLEMENTATIONS = YES;
				CLANG_WARN_DIRECT_OBJC_ISA_USAGE = YES_ERROR;
				CLANG_WARN_DOCUMENTATION_COMMENTS = YES;
				CLANG_WARN_EMPTY_BODY = YES;
				CLANG_WARN_ENUM_CONVERSION = YES;
				CLANG_WARN_INFINITE_RECURSION = YES;
				CLANG_WARN_INT_CONVERSION = YES;
				CLANG_WARN_NON_LITERAL_NULL_CONVERSION = YES;
				CLANG_WARN_OBJC_IMPLICIT_RETAIN_SELF = YES;
				CLANG_WARN_OBJC_LITERAL_CONVERSION = YES;
				CLANG_WARN_OBJC_ROOT_CLASS = YES_ERROR;
				CLANG_WARN_QUOTED_INCLUDE_IN_FRAMEWORK_HEADER = YES;
				CLANG_WARN_RANGE_LOOP_ANALYSIS = YES;
				CLANG_WARN_STRICT_PROTOTYPES = YES;
				CLANG_WARN_SUSPICIOUS_MOVE = YES;
				CLANG_WARN_UNGUARDED_AVAILABILITY = YES_AGGRESSIVE;
				CLANG_WARN_UNREACHABLE_CODE = YES;
				CLANG_WARN__DUPLICATE_METHOD_MATCH = YES;
				COPY_PHASE_STRIP = NO;
				DEBUG_INFORMATION_FORMAT = "dwarf-with-dsym";
				ENABLE_NS_ASSERTIONS = NO;
				ENABLE_STRICT_OBJC_MSGSEND = YES;
				GCC_C_LANGUAGE_STANDARD = gnu11;
				GCC_NO_COMMON_BLOCKS = YES;
				GCC_WARN_64_TO_32_BIT_CONVERSION = YES;
				GCC_WARN_ABOUT_RETURN_TYPE = YES_ERROR;
				GCC_WARN_UNDECLARED_SELECTOR = YES;
				GCC_WARN_UNINITIALIZED_AUTOS = YES_AGGRESSIVE;
				GCC_WARN_UNUSED_FUNCTION = YES;
				GCC_WARN_UNUSED_VARIABLE = YES;
				IPHONEOS_DEPLOYMENT_TARGET = 16.4;
				MTL_ENABLE_DEBUG_INFO = NO;
				MTL_FAST_MATH = YES;
				SDKROOT = iphoneos;
				SWIFT_COMPILATION_MODE = wholemodule;
				SWIFT_OPTIMIZATION_LEVEL = "-O";
				VALIDATE_PRODUCT = YES;
			};
			name = Release;
		};
		73C148BC2A2ED84D000A2CC6 /* Debug */ = {
			isa = XCBuildConfiguration;
			buildSettings = {
				ASSETCATALOG_COMPILER_APPICON_NAME = AppIcon;
				ASSETCATALOG_COMPILER_GLOBAL_ACCENT_COLOR_NAME = AccentColor;
				CODE_SIGN_STYLE = Automatic;
				CURRENT_PROJECT_VERSION = 1;
				DEVELOPMENT_ASSET_PATHS = "\"cash-app-stocks/Preview Content\"";
				ENABLE_PREVIEWS = YES;
				GENERATE_INFOPLIST_FILE = YES;
				INFOPLIST_KEY_UIApplicationSceneManifest_Generation = YES;
				INFOPLIST_KEY_UIApplicationSupportsIndirectInputEvents = YES;
				INFOPLIST_KEY_UILaunchScreen_Generation = YES;
				INFOPLIST_KEY_UISupportedInterfaceOrientations_iPad = "UIInterfaceOrientationPortrait UIInterfaceOrientationPortraitUpsideDown UIInterfaceOrientationLandscapeLeft UIInterfaceOrientationLandscapeRight";
				INFOPLIST_KEY_UISupportedInterfaceOrientations_iPhone = "UIInterfaceOrientationPortrait UIInterfaceOrientationLandscapeLeft UIInterfaceOrientationLandscapeRight";
				LD_RUNPATH_SEARCH_PATHS = (
					"$(inherited)",
					"@executable_path/Frameworks",
				);
				MARKETING_VERSION = 1.0;
				PRODUCT_BUNDLE_IDENTIFIER = "yoda.cash-app-stocks";
				PRODUCT_NAME = "$(TARGET_NAME)";
				SWIFT_EMIT_LOC_STRINGS = YES;
				SWIFT_VERSION = 5.0;
				TARGETED_DEVICE_FAMILY = "1,2";
			};
			name = Debug;
		};
		73C148BD2A2ED84D000A2CC6 /* Release */ = {
			isa = XCBuildConfiguration;
			buildSettings = {
				ASSETCATALOG_COMPILER_APPICON_NAME = AppIcon;
				ASSETCATALOG_COMPILER_GLOBAL_ACCENT_COLOR_NAME = AccentColor;
				CODE_SIGN_STYLE = Automatic;
				CURRENT_PROJECT_VERSION = 1;
				DEVELOPMENT_ASSET_PATHS = "\"cash-app-stocks/Preview Content\"";
				ENABLE_PREVIEWS = YES;
				GENERATE_INFOPLIST_FILE = YES;
				INFOPLIST_KEY_UIApplicationSceneManifest_Generation = YES;
				INFOPLIST_KEY_UIApplicationSupportsIndirectInputEvents = YES;
				INFOPLIST_KEY_UILaunchScreen_Generation = YES;
				INFOPLIST_KEY_UISupportedInterfaceOrientations_iPad = "UIInterfaceOrientationPortrait UIInterfaceOrientationPortraitUpsideDown UIInterfaceOrientationLandscapeLeft UIInterfaceOrientationLandscapeRight";
				INFOPLIST_KEY_UISupportedInterfaceOrientations_iPhone = "UIInterfaceOrientationPortrait UIInterfaceOrientationLandscapeLeft UIInterfaceOrientationLandscapeRight";
				LD_RUNPATH_SEARCH_PATHS = (
					"$(inherited)",
					"@executable_path/Frameworks",
				);
				MARKETING_VERSION = 1.0;
				PRODUCT_BUNDLE_IDENTIFIER = "yoda.cash-app-stocks";
				PRODUCT_NAME = "$(TARGET_NAME)";
				SWIFT_EMIT_LOC_STRINGS = YES;
				SWIFT_VERSION = 5.0;
				TARGETED_DEVICE_FAMILY = "1,2";
			};
			name = Release;
		};
		73C148BF2A2ED84D000A2CC6 /* Debug */ = {
			isa = XCBuildConfiguration;
			buildSettings = {
				ALWAYS_EMBED_SWIFT_STANDARD_LIBRARIES = YES;
				BUNDLE_LOADER = "$(TEST_HOST)";
				CODE_SIGN_STYLE = Automatic;
				CURRENT_PROJECT_VERSION = 1;
				GENERATE_INFOPLIST_FILE = YES;
				IPHONEOS_DEPLOYMENT_TARGET = 16.4;
				MARKETING_VERSION = 1.0;
				PRODUCT_BUNDLE_IDENTIFIER = "yoda.cash-app-stocksTests";
				PRODUCT_NAME = "$(TARGET_NAME)";
				SWIFT_EMIT_LOC_STRINGS = NO;
				SWIFT_VERSION = 5.0;
				TARGETED_DEVICE_FAMILY = "1,2";
				TEST_HOST = "$(BUILT_PRODUCTS_DIR)/cash-app-stocks.app/$(BUNDLE_EXECUTABLE_FOLDER_PATH)/cash-app-stocks";
			};
			name = Debug;
		};
		73C148C02A2ED84D000A2CC6 /* Release */ = {
			isa = XCBuildConfiguration;
			buildSettings = {
				ALWAYS_EMBED_SWIFT_STANDARD_LIBRARIES = YES;
				BUNDLE_LOADER = "$(TEST_HOST)";
				CODE_SIGN_STYLE = Automatic;
				CURRENT_PROJECT_VERSION = 1;
				GENERATE_INFOPLIST_FILE = YES;
				IPHONEOS_DEPLOYMENT_TARGET = 16.4;
				MARKETING_VERSION = 1.0;
				PRODUCT_BUNDLE_IDENTIFIER = "yoda.cash-app-stocksTests";
				PRODUCT_NAME = "$(TARGET_NAME)";
				SWIFT_EMIT_LOC_STRINGS = NO;
				SWIFT_VERSION = 5.0;
				TARGETED_DEVICE_FAMILY = "1,2";
				TEST_HOST = "$(BUILT_PRODUCTS_DIR)/cash-app-stocks.app/$(BUNDLE_EXECUTABLE_FOLDER_PATH)/cash-app-stocks";
			};
			name = Release;
		};
		73C148C22A2ED84D000A2CC6 /* Debug */ = {
			isa = XCBuildConfiguration;
			buildSettings = {
				ALWAYS_EMBED_SWIFT_STANDARD_LIBRARIES = YES;
				CODE_SIGN_STYLE = Automatic;
				CURRENT_PROJECT_VERSION = 1;
				GENERATE_INFOPLIST_FILE = YES;
				MARKETING_VERSION = 1.0;
				PRODUCT_BUNDLE_IDENTIFIER = "yoda.cash-app-stocksUITests";
				PRODUCT_NAME = "$(TARGET_NAME)";
				SWIFT_EMIT_LOC_STRINGS = NO;
				SWIFT_VERSION = 5.0;
				TARGETED_DEVICE_FAMILY = "1,2";
				TEST_TARGET_NAME = "cash-app-stocks";
			};
			name = Debug;
		};
		73C148C32A2ED84D000A2CC6 /* Release */ = {
			isa = XCBuildConfiguration;
			buildSettings = {
				ALWAYS_EMBED_SWIFT_STANDARD_LIBRARIES = YES;
				CODE_SIGN_STYLE = Automatic;
				CURRENT_PROJECT_VERSION = 1;
				GENERATE_INFOPLIST_FILE = YES;
				MARKETING_VERSION = 1.0;
				PRODUCT_BUNDLE_IDENTIFIER = "yoda.cash-app-stocksUITests";
				PRODUCT_NAME = "$(TARGET_NAME)";
				SWIFT_EMIT_LOC_STRINGS = NO;
				SWIFT_VERSION = 5.0;
				TARGETED_DEVICE_FAMILY = "1,2";
				TEST_TARGET_NAME = "cash-app-stocks";
			};
			name = Release;
		};
/* End XCBuildConfiguration section */

/* Begin XCConfigurationList section */
		73C148922A2ED84C000A2CC6 /* Build configuration list for PBXProject "cash-app-stocks" */ = {
			isa = XCConfigurationList;
			buildConfigurations = (
				73C148B92A2ED84D000A2CC6 /* Debug */,
				73C148BA2A2ED84D000A2CC6 /* Release */,
			);
			defaultConfigurationIsVisible = 0;
			defaultConfigurationName = Release;
		};
		73C148BB2A2ED84D000A2CC6 /* Build configuration list for PBXNativeTarget "cash-app-stocks" */ = {
			isa = XCConfigurationList;
			buildConfigurations = (
				73C148BC2A2ED84D000A2CC6 /* Debug */,
				73C148BD2A2ED84D000A2CC6 /* Release */,
			);
			defaultConfigurationIsVisible = 0;
			defaultConfigurationName = Release;
		};
		73C148BE2A2ED84D000A2CC6 /* Build configuration list for PBXNativeTarget "cash-app-stocksTests" */ = {
			isa = XCConfigurationList;
			buildConfigurations = (
				73C148BF2A2ED84D000A2CC6 /* Debug */,
				73C148C02A2ED84D000A2CC6 /* Release */,
			);
			defaultConfigurationIsVisible = 0;
			defaultConfigurationName = Release;
		};
		73C148C12A2ED84D000A2CC6 /* Build configuration list for PBXNativeTarget "cash-app-stocksUITests" */ = {
			isa = XCConfigurationList;
			buildConfigurations = (
				73C148C22A2ED84D000A2CC6 /* Debug */,
				73C148C32A2ED84D000A2CC6 /* Release */,
			);
			defaultConfigurationIsVisible = 0;
			defaultConfigurationName = Release;
		};
/* End XCConfigurationList section */
	};
	rootObject = 73C1488F2A2ED84C000A2CC6 /* Project object */;
}
